
Microsoft Visual Studio Solution File, Format Version 12.00
# Visual Studio Version 17
VisualStudioVersion = 17.8.34330.188
MinimumVisualStudioVersion = 10.0.40219.1
Project("{FAE04EC0-301F-11D3-BF4B-00C04F79EFBC}") = "IntergalacticMission", "IntergalacticMission.csproj", "{983D5D13-D951-43BC-BC72-57FAF181B456}"
EndProject
Global
	GlobalSection(SolutionConfigurationPlatforms) = preSolution
		Debug|Any CPU = Debug|Any CPU
		Release|Any CPU = Release|Any CPU
	EndGlobalSection
	GlobalSection(ProjectConfigurationPlatforms) = postSolution
		{983D5D13-D951-43BC-BC72-57FAF181B456}.Debug|Any CPU.ActiveCfg = Debug|Any CPU
		{983D5D13-D951-43BC-BC72-57FAF181B456}.Debug|Any CPU.Build.0 = Debug|Any CPU
		{983D5D13-D951-43BC-BC72-57FAF181B456}.Release|Any CPU.ActiveCfg = Release|Any CPU
		{983D5D13-D951-43BC-BC72-57FAF181B456}.Release|Any CPU.Build.0 = Release|Any CPU
	EndGlobalSection
	GlobalSection(SolutionProperties) = preSolution
		HideSolutionNode = FALSE
	EndGlobalSection
	GlobalSection(ExtensibilityGlobals) = postSolution
		SolutionGuid = {26B81698-9544-499E-894E-958A03D303DC}
	EndGlobalSection
EndGlobal
